{
  "name": "carwale",
  "lockfileVersion": 3,
  "requires": true,
  "packages": {
    "": {
      "dependencies": {
        "axios": "^1.7.9",
        "braintree-web": "^3.113.0",
        "dropin": "^0.0.0"
      }
    },
    "node_modules/@braintree/asset-loader": {
      "version": "2.0.1",
      "resolved": "https://registry.npmjs.org/@braintree/asset-loader/-/asset-loader-2.0.1.tgz",
      "integrity": "sha512-OGAoBA5MRVsr5qg0sXM6NMJbqHnYZhBudtM6WGgpQnoX42fjUYbE6Y6qFuuerD5z3lsOAjnu80DooBs1VBuh5Q=="
    },
    "node_modules/@braintree/browser-detection": {
      "version": "2.0.1",
      "resolved": "https://registry.npmjs.org/@braintree/browser-detection/-/browser-detection-2.0.1.tgz",
      "integrity": "sha512-wpRI7AXEUh6o3ILrJbpNOYE7ItfjX/S8JZP7Z5FF66ULngBGYOqE8SeLlLKXG69Nc07HtlL/6nk/h539iz9hcQ=="
    },
    "node_modules/@braintree/event-emitter": {
      "version": "0.4.1",
      "resolved": "https://registry.npmjs.org/@braintree/event-emitter/-/event-emitter-0.4.1.tgz",
      "integrity": "sha512-X41357O3OXUDlnwMvS1m0GQEn3zB3s3flOBeg2J5OBvLvdJEIAVpPkblABPtsPrlciDSvfv1aSG5ixHPgFH0Zg=="
    },
    "node_modules/@braintree/extended-promise": {
      "version": "1.0.0",
      "resolved": "https://registry.npmjs.org/@braintree/extended-promise/-/extended-promise-1.0.0.tgz",
      "integrity": "sha512-E9529FJNG4OgeeLJ00vNs3TW67+AeSQobJg0hwfsQk29hgK4bVBsvQHVD4nwDuDD1Czon90K88gfQIFadAMs0w=="
    },
    "node_modules/@braintree/iframer": {
      "version": "2.0.0",
      "resolved": "https://registry.npmjs.org/@braintree/iframer/-/iframer-2.0.0.tgz",
      "integrity": "sha512-x1kHOyIJNDvi4P1s6pVBZhqhBa1hqDG9+yzcsCR1oNVC0LxH9CAP8bKxioT8/auY1sUyy+D8T4Vp/jv7QqSqLQ=="
    },
    "node_modules/@braintree/sanitize-url": {
      "version": "7.0.4",
      "resolved": "https://registry.npmjs.org/@braintree/sanitize-url/-/sanitize-url-7.0.4.tgz",
      "integrity": "sha512-hPYRrKFoI+nuckPgDJfyYAkybFvheo4usS0Vw0HNAe+fmGBQA5Az37b/yStO284atBoqqdOUhKJ3d9Zw3PQkcQ=="
    },
    "node_modules/@braintree/uuid": {
      "version": "1.0.0",
      "resolved": "https://registry.npmjs.org/@braintree/uuid/-/uuid-1.0.0.tgz",
      "integrity": "sha512-AtI5hfttWSuWAgcwLUZdcZ7Fp/8jCCUf9JTs7+Xow9ditU28zuoBovqq083yph2m3SxPYb84lGjOq+cXlXBvJg=="
    },
    "node_modules/@braintree/wrap-promise": {
      "version": "2.1.0",
      "resolved": "https://registry.npmjs.org/@braintree/wrap-promise/-/wrap-promise-2.1.0.tgz",
      "integrity": "sha512-UIrJB+AfKU0CCfbMoWrsGpd2D/hBpY/SGgFI6WRHPOwhaZ3g9rz1weiJ6eb6L9KgVyunT7s2tckcPkbHw+NzeA=="
    },
    "node_modules/@paypal/accelerated-checkout-loader": {
      "version": "1.1.0",
      "resolved": "https://registry.npmjs.org/@paypal/accelerated-checkout-loader/-/accelerated-checkout-loader-1.1.0.tgz",
      "integrity": "sha512-S2KkIpq15VnxYyI0tycvfYiNsqdsg2a92El2huYUVLsWnBbubl8toYK8khaP5nnxZ0MGl9mEB9Y9axmfOw2Yvg==",
      "dependencies": {
        "@braintree/asset-loader": "2.0.0",
        "envify": "^4.1.0",
        "typescript": "^4.6.4"
      }
    },
    "node_modules/@paypal/accelerated-checkout-loader/node_modules/@braintree/asset-loader": {
      "version": "2.0.0",
      "resolved": "https://registry.npmjs.org/@braintree/asset-loader/-/asset-loader-2.0.0.tgz",
      "integrity": "sha512-7Zs3/g3lPTfkdtWr7cKh3tk1pDruXR++TXwGKkx7BPuTjjLNFul2JSfI+ScHzNU4u/gZNPNQagsSTlYxIhBgMA=="
    },
    "node_modules/async": {
      "version": "0.9.2",
      "resolved": "https://registry.npmjs.org/async/-/async-0.9.2.tgz",
      "integrity": "sha512-l6ToIJIotphWahxxHyzK9bnLR6kM4jJIIgLShZeqLY7iboHoGkdgFl7W2/Ivi4SkMJYGKqW8vSuk0uKUj6qsSw=="
    },
    "node_modules/asynckit": {
      "version": "0.4.0",
      "resolved": "https://registry.npmjs.org/asynckit/-/asynckit-0.4.0.tgz",
      "integrity": "sha512-Oei9OH4tRh0YqU3GxhX79dM/mwVgvbZJaSNaRk+bshkj0S5cfHcgYakreBjrHwatXKbz+IoIdYLxrKim2MjW0Q=="
    },
    "node_modules/axios": {
      "version": "1.7.9",
      "resolved": "https://registry.npmjs.org/axios/-/axios-1.7.9.tgz",
      "integrity": "sha512-LhLcE7Hbiryz8oMDdDptSrWowmB4Bl6RCt6sIJKpRB4XtVf0iEgewX3au/pJqm+Py1kCASkb/FFKjxQaLtxJvw==",
      "dependencies": {
        "follow-redirects": "^1.15.6",
        "form-data": "^4.0.0",
        "proxy-from-env": "^1.1.0"
      }
    },
    "node_modules/braintree-web": {
      "version": "3.113.0",
      "resolved": "https://registry.npmjs.org/braintree-web/-/braintree-web-3.113.0.tgz",
      "integrity": "sha512-qykYxZyld4X1tRNgXZQ3ZGzmhDGTBTRQ6Q24KaG9PuYqo+P2TVDEDOVC6tRbkx2RUIdXLv2M6WpkG7oLqEia9Q==",
      "dependencies": {
        "@braintree/asset-loader": "2.0.1",
        "@braintree/browser-detection": "2.0.1",
        "@braintree/event-emitter": "0.4.1",
        "@braintree/extended-promise": "1.0.0",
        "@braintree/iframer": "2.0.0",
        "@braintree/sanitize-url": "7.0.4",
        "@braintree/uuid": "1.0.0",
        "@braintree/wrap-promise": "2.1.0",
        "@paypal/accelerated-checkout-loader": "1.1.0",
        "card-validator": "10.0.0",
        "credit-card-type": "10.0.1",
        "framebus": "6.0.0",
        "inject-stylesheet": "6.0.1",
        "promise-polyfill": "8.2.3",
        "restricted-input": "3.0.5"
      }
    },
    "node_modules/card-validator": {
      "version": "10.0.0",
      "resolved": "https://registry.npmjs.org/card-validator/-/card-validator-10.0.0.tgz",
      "integrity": "sha512-2fLyCBOxO7/b56sxoYav8FeJqv9bWpZSyKq8sXKxnpxTGXHnM/0c8WEKG+ZJ+OXFcabnl98pD0EKBtTn+Tql0g==",
      "dependencies": {
        "credit-card-type": "^9.1.0"
      }
    },
    "node_modules/card-validator/node_modules/credit-card-type": {
      "version": "9.1.0",
      "resolved": "https://registry.npmjs.org/credit-card-type/-/credit-card-type-9.1.0.tgz",
      "integrity": "sha512-CpNFuLxiPFxuZqhSKml3M+t0K/484pMAnfYWH14JoD7OZMnmC0Lmo+P7JX9SobqFpRoo7ifA18kOHdxJywYPEA=="
    },
    "node_modules/combined-stream": {
      "version": "1.0.8",
      "resolved": "https://registry.npmjs.org/combined-stream/-/combined-stream-1.0.8.tgz",
      "integrity": "sha512-FQN4MRfuJeHf7cBbBMJFXhKSDq+2kAArBlmRBvcvFE5BB1HZKXtSFASDhdlz9zOYwxh8lDdnvmMOe/+5cdoEdg==",
      "dependencies": {
        "delayed-stream": "~1.0.0"
      },
      "engines": {
        "node": ">= 0.8"
      }
    },
    "node_modules/credit-card-type": {
      "version": "10.0.1",
      "resolved": "https://registry.npmjs.org/credit-card-type/-/credit-card-type-10.0.1.tgz",
      "integrity": "sha512-vQOuWmBgsgG1ovGeDi8m6Zeu1JaqH/JncrxKmaqMbv/LunyOQdLiQhPHtOsNlbUI05TocR5nod/Mbs3HYtr6sQ=="
    },
    "node_modules/delayed-stream": {
      "version": "1.0.0",
      "resolved": "https://registry.npmjs.org/delayed-stream/-/delayed-stream-1.0.0.tgz",
      "integrity": "sha512-ZySD7Nf91aLB0RxL4KGrKHBXl7Eds1DAmEdcoVawXnLD7SDhpNgtuII2aAkg7a7QS41jxPSZ17p4VdGnMHk3MQ==",
      "engines": {
        "node": ">=0.4.0"
      }
    },
    "node_modules/dropin": {
      "version": "0.0.0",
      "resolved": "https://registry.npmjs.org/dropin/-/dropin-0.0.0.tgz",
      "integrity": "sha512-64tZKwgtyZ2m8sFuLi892Vzqfl1d51wOEiPhlJsLD0poJiqGuC0533iJfVTUb4i9JVFpaqHyF1Q19ich8WNi1A==",
      "dependencies": {
        "async": "~0.9.0"
      }
    },
    "node_modules/envify": {
      "version": "4.1.0",
      "resolved": "https://registry.npmjs.org/envify/-/envify-4.1.0.tgz",
      "integrity": "sha512-IKRVVoAYr4pIx4yIWNsz9mOsboxlNXiu7TNBnem/K/uTHdkyzXWDzHCK7UTolqBbgaBz0tQHsD3YNls0uIIjiw==",
      "dependencies": {
        "esprima": "^4.0.0",
        "through": "~2.3.4"
      },
      "bin": {
        "envify": "bin/envify"
      }
    },
    "node_modules/esprima": {
      "version": "4.0.1",
      "resolved": "https://registry.npmjs.org/esprima/-/esprima-4.0.1.tgz",
      "integrity": "sha512-eGuFFw7Upda+g4p+QHvnW0RyTX/SVeJBDM/gCtMARO0cLuT2HcEKnTPvhjV6aGeqrCB/sbNop0Kszm0jsaWU4A==",
      "bin": {
        "esparse": "bin/esparse.js",
        "esvalidate": "bin/esvalidate.js"
      },
      "engines": {
        "node": ">=4"
      }
    },
    "node_modules/follow-redirects": {
      "version": "1.15.9",
      "resolved": "https://registry.npmjs.org/follow-redirects/-/follow-redirects-1.15.9.tgz",
      "integrity": "sha512-gew4GsXizNgdoRyqmyfMHyAmXsZDk6mHkSxZFCzW9gwlbtOW44CDtYavM+y+72qD/Vq2l550kMF52DT8fOLJqQ==",
      "funding": [
        {
          "type": "individual",
          "url": "https://github.com/sponsors/RubenVerborgh"
        }
      ],
      "engines": {
        "node": ">=4.0"
      },
      "peerDependenciesMeta": {
        "debug": {
          "optional": true
        }
      }
    },
    "node_modules/form-data": {
      "version": "4.0.1",
      "resolved": "https://registry.npmjs.org/form-data/-/form-data-4.0.1.tgz",
      "integrity": "sha512-tzN8e4TX8+kkxGPK8D5u0FNmjPUjw3lwC9lSLxxoB/+GtsJG91CO8bSWy73APlgAZzZbXEYZJuxjkHH2w+Ezhw==",
      "dependencies": {
        "asynckit": "^0.4.0",
        "combined-stream": "^1.0.8",
        "mime-types": "^2.1.12"
      },
      "engines": {
        "node": ">= 6"
      }
    },
    "node_modules/framebus": {
      "version": "6.0.0",
      "resolved": "https://registry.npmjs.org/framebus/-/framebus-6.0.0.tgz",
      "integrity": "sha512-bL9V68hVaVBCY9rveoWbPFFI9hAXIJtESs51B+9XmzvMt38+wP8b4VdiJsavjMS6NfPZ/afQ/jc2qaHmSGI1kQ==",
      "dependencies": {
        "@braintree/uuid": "^0.1.0"
      }
    },
    "node_modules/framebus/node_modules/@braintree/uuid": {
      "version": "0.1.0",
      "resolved": "https://registry.npmjs.org/@braintree/uuid/-/uuid-0.1.0.tgz",
      "integrity": "sha512-YvZJdlNcK5EnR+7M8AjgEAf4Qx696+FOSYlPfy5ePn80vODtVAUU0FxHnzKZC0og1VbDNQDDiwhthR65D4Na0g=="
    },
    "node_modules/inject-stylesheet": {
      "version": "6.0.1",
      "resolved": "https://registry.npmjs.org/inject-stylesheet/-/inject-stylesheet-6.0.1.tgz",
      "integrity": "sha512-2fvune1D4+8mvJoLVo95ncY4HrDkIaYIReRzXv8tkWFgdG9iuc5QuX57gtSDPWTWQI/f5BGwwtH85wxHouzucg=="
    },
    "node_modules/mime-db": {
      "version": "1.52.0",
      "resolved": "https://registry.npmjs.org/mime-db/-/mime-db-1.52.0.tgz",
      "integrity": "sha512-sPU4uV7dYlvtWJxwwxHD0PuihVNiE7TyAbQ5SWxDCB9mUYvOgroQOwYQQOKPJ8CIbE+1ETVlOoK1UC2nU3gYvg==",
      "engines": {
        "node": ">= 0.6"
      }
    },
    "node_modules/mime-types": {
      "version": "2.1.35",
      "resolved": "https://registry.npmjs.org/mime-types/-/mime-types-2.1.35.tgz",
      "integrity": "sha512-ZDY+bPm5zTTF+YpCrAU9nK0UgICYPT0QtT1NZWFv4s++TNkcgVaT0g6+4R2uI4MjQjzysHB1zxuWL50hzaeXiw==",
      "dependencies": {
        "mime-db": "1.52.0"
      },
      "engines": {
        "node": ">= 0.6"
      }
    },
    "node_modules/promise-polyfill": {
      "version": "8.2.3",
      "resolved": "https://registry.npmjs.org/promise-polyfill/-/promise-polyfill-8.2.3.tgz",
      "integrity": "sha512-Og0+jCRQetV84U8wVjMNccfGCnMQ9mGs9Hv78QFe+pSDD3gWTpz0y+1QCuxy5d/vBFuZ3iwP2eycAkvqIMPmWg=="
    },
    "node_modules/proxy-from-env": {
      "version": "1.1.0",
      "resolved": "https://registry.npmjs.org/proxy-from-env/-/proxy-from-env-1.1.0.tgz",
      "integrity": "sha512-D+zkORCbA9f1tdWRK0RaCR3GPv50cMxcrz4X8k5LTSUD1Dkw47mKJEZQNunItRTkWwgtaUSo1RVFRIG9ZXiFYg=="
    },
    "node_modules/restricted-input": {
      "version": "3.0.5",
      "resolved": "https://registry.npmjs.org/restricted-input/-/restricted-input-3.0.5.tgz",
      "integrity": "sha512-lUuXZ3wUnHURRarj5/0C8vomWIfWJO+p7T6RYwB46v7Oyuyr3yyupU+i7SjqUv4S6RAeAAZt1C/QCLJ9xhQBow==",
      "dependencies": {
        "@braintree/browser-detection": "^1.12.1"
      }
    },
    "node_modules/restricted-input/node_modules/@braintree/browser-detection": {
      "version": "1.17.2",
      "resolved": "https://registry.npmjs.org/@braintree/browser-detection/-/browser-detection-1.17.2.tgz",
      "integrity": "sha512-DdEX09uYs6kHwGt4cbONlxlta/0hfmrDUncP6EtfZxFVywNF9LeRUyon+2LihJTbqgSnGqz9ZL450hkqBd6oSw=="
    },
    "node_modules/through": {
      "version": "2.3.8",
      "resolved": "https://registry.npmjs.org/through/-/through-2.3.8.tgz",
      "integrity": "sha512-w89qg7PI8wAdvX60bMDP+bFoD5Dvhm9oLheFp5O4a2QF0cSBGsBX4qZmadPMvVqlLJBBci+WqGGOAPvcDeNSVg=="
    },
    "node_modules/typescript": {
      "version": "4.9.5",
      "resolved": "https://registry.npmjs.org/typescript/-/typescript-4.9.5.tgz",
      "integrity": "sha512-1FXk9E2Hm+QzZQ7z+McJiHL4NW1F2EzMu9Nq9i3zAaGqibafqYwCVU6WyWAuyQRRzOlxou8xZSyXLEN8oKj24g==",
      "bin": {
        "tsc": "bin/tsc",
        "tsserver": "bin/tsserver"
      },
      "engines": {
        "node": ">=4.2.0"
      }
    }
  }
}
